
Microsoft Visual Studio Solution File, Format Version 12.00
# Visual Studio Version 17
VisualStudioVersion = 17.12.35527.113
MinimumVisualStudioVersion = 10.0.40219.1
Project("{8BC9CEB8-8B4A-11D0-8D11-00A0C91BC942}") = "Mita", "Mita.vcxproj", "{6B92DC36-43BD-4A0A-90A1-9C8CE82AF88B}"
EndProject
Global
	GlobalSection(SolutionConfigurationPlatforms) = preSolution
		Debug|x64 = Debug|x64
		Debug|x86 = Debug|x86
		Release|x64 = Release|x64
		Release|x86 = Release|x86
		SDL Realese|x64 = SDL Realese|x64
		SDL Realese|x86 = SDL Realese|x86
	EndGlobalSection
	GlobalSection(ProjectConfigurationPlatforms) = postSolution
		{6B92DC36-43BD-4A0A-90A1-9C8CE82AF88B}.Debug|x64.ActiveCfg = Debug|x64
		{6B92DC36-43BD-4A0A-90A1-9C8CE82AF88B}.Debug|x64.Build.0 = Debug|x64
		{6B92DC36-43BD-4A0A-90A1-9C8CE82AF88B}.Debug|x86.ActiveCfg = Debug|Win32
		{6B92DC36-43BD-4A0A-90A1-9C8CE82AF88B}.Debug|x86.Build.0 = Debug|Win32
		{6B92DC36-43BD-4A0A-90A1-9C8CE82AF88B}.Release|x64.ActiveCfg = Release|x64
		{6B92DC36-43BD-4A0A-90A1-9C8CE82AF88B}.Release|x64.Build.0 = Release|x64
		{6B92DC36-43BD-4A0A-90A1-9C8CE82AF88B}.Release|x86.ActiveCfg = Release|Win32
		{6B92DC36-43BD-4A0A-90A1-9C8CE82AF88B}.Release|x86.Build.0 = Release|Win32
		{6B92DC36-43BD-4A0A-90A1-9C8CE82AF88B}.SDL Realese|x64.ActiveCfg = SDL Realese|x64
		{6B92DC36-43BD-4A0A-90A1-9C8CE82AF88B}.SDL Realese|x64.Build.0 = SDL Realese|x64
		{6B92DC36-43BD-4A0A-90A1-9C8CE82AF88B}.SDL Realese|x86.ActiveCfg = SDL Realese|Win32
		{6B92DC36-43BD-4A0A-90A1-9C8CE82AF88B}.SDL Realese|x86.Build.0 = SDL Realese|Win32
	EndGlobalSection
	GlobalSection(SolutionProperties) = preSolution
		HideSolutionNode = FALSE
	EndGlobalSection
EndGlobal
